
Microsoft Visual Studio Solution File, Format Version 12.00
# Visual Studio 2013
VisualStudioVersion = 12.0.30723.0
MinimumVisualStudioVersion = 10.0.40219.1
Project("{FAE04EC0-301F-11D3-BF4B-00C04F79EFBC}") = "HospitalAutomation.GUI", "HospitalAutomation.GUI\HospitalAutomation.GUI.csproj", "{B8253EAA-2785-4121-B704-8A37E04DED1A}"
EndProject
Project("{FAE04EC0-301F-11D3-BF4B-00C04F79EFBC}") = "HospitalAutomation.Core", "HospitalAutomation.Core\HospitalAutomation.Core.csproj", "{4A5ACF9E-8463-468B-9D23-C81C41A2B610}"
EndProject
Project("{FAE04EC0-301F-11D3-BF4B-00C04F79EFBC}") = "HospitalAutomation.Model", "HospitalAutomation.Model\HospitalAutomation.Model.csproj", "{50E67490-E12B-43EA-BE73-C3AC747A6567}"
EndProject
Global
	GlobalSection(SolutionConfigurationPlatforms) = preSolution
		Debug|Any CPU = Debug|Any CPU
		Release|Any CPU = Release|Any CPU
	EndGlobalSection
	GlobalSection(ProjectConfigurationPlatforms) = postSolution
		{B8253EAA-2785-4121-B704-8A37E04DED1A}.Debug|Any CPU.ActiveCfg = Debug|Any CPU
		{B8253EAA-2785-4121-B704-8A37E04DED1A}.Debug|Any CPU.Build.0 = Debug|Any CPU
		{B8253EAA-2785-4121-B704-8A37E04DED1A}.Release|Any CPU.ActiveCfg = Release|Any CPU
		{B8253EAA-2785-4121-B704-8A37E04DED1A}.Release|Any CPU.Build.0 = Release|Any CPU
		{4A5ACF9E-8463-468B-9D23-C81C41A2B610}.Debug|Any CPU.ActiveCfg = Debug|Any CPU
		{4A5ACF9E-8463-468B-9D23-C81C41A2B610}.Debug|Any CPU.Build.0 = Debug|Any CPU
		{4A5ACF9E-8463-468B-9D23-C81C41A2B610}.Release|Any CPU.ActiveCfg = Release|Any CPU
		{4A5ACF9E-8463-468B-9D23-C81C41A2B610}.Release|Any CPU.Build.0 = Release|Any CPU
		{50E67490-E12B-43EA-BE73-C3AC747A6567}.Debug|Any CPU.ActiveCfg = Debug|Any CPU
		{50E67490-E12B-43EA-BE73-C3AC747A6567}.Debug|Any CPU.Build.0 = Debug|Any CPU
		{50E67490-E12B-43EA-BE73-C3AC747A6567}.Release|Any CPU.ActiveCfg = Release|Any CPU
		{50E67490-E12B-43EA-BE73-C3AC747A6567}.Release|Any CPU.Build.0 = Release|Any CPU
	EndGlobalSection
	GlobalSection(SolutionProperties) = preSolution
		HideSolutionNode = FALSE
	EndGlobalSection
EndGlobal
